// !$*UTF8*$!
{
	archiveVersion = 1;
	classes = {
	};
	objectVersion = 48;
	objects = {

/* Begin PBXBuildFile section */
		2F38008C200672B90045B331 /* AppDelegate.swift in Sources */ = {isa = PBXBuildFile; fileRef = 2F38008B200672B90045B331 /* AppDelegate.swift */; };
		2F380091200672B90045B331 /* Main.storyboard in Resources */ = {isa = PBXBuildFile; fileRef = 2F38008F200672B90045B331 /* Main.storyboard */; };
		2F380093200672B90045B331 /* Assets.xcassets in Resources */ = {isa = PBXBuildFile; fileRef = 2F380092200672B90045B331 /* Assets.xcassets */; };
		2F380096200672B90045B331 /* LaunchScreen.storyboard in Resources */ = {isa = PBXBuildFile; fileRef = 2F380094200672B90045B331 /* LaunchScreen.storyboard */; };
		2F6A8848200683AA002F2B70 /* SWRevealViewController.m in Sources */ = {isa = PBXBuildFile; fileRef = 2F6A8846200683AA002F2B70 /* SWRevealViewController.m */; };
		2F6A884D20068421002F2B70 /* ChatVC.swift in Sources */ = {isa = PBXBuildFile; fileRef = 2F6A884C20068421002F2B70 /* ChatVC.swift */; };
		2F6A884F2006843E002F2B70 /* ChannelVC.swift in Sources */ = {isa = PBXBuildFile; fileRef = 2F6A884E2006843E002F2B70 /* ChannelVC.swift */; };
		2F6A885120079C08002F2B70 /* GradientView.swift in Sources */ = {isa = PBXBuildFile; fileRef = 2F6A885020079C08002F2B70 /* GradientView.swift */; };
		2F6A88542007A819002F2B70 /* Constants.swift in Sources */ = {isa = PBXBuildFile; fileRef = 2F6A88532007A819002F2B70 /* Constants.swift */; };
		2F6A88582007B4E8002F2B70 /* LoginVC.swift in Sources */ = {isa = PBXBuildFile; fileRef = 2F6A88572007B4E8002F2B70 /* LoginVC.swift */; };
		BC59CF5F79A6937C73C65178 /* Pods_Smack.framework in Frameworks */ = {isa = PBXBuildFile; fileRef = 1FAA220092C8C091AB87E012 /* Pods_Smack.framework */; };
/* End PBXBuildFile section */

/* Begin PBXFileReference section */
		1FAA220092C8C091AB87E012 /* Pods_Smack.framework */ = {isa = PBXFileReference; explicitFileType = wrapper.framework; includeInIndex = 0; path = Pods_Smack.framework; sourceTree = BUILT_PRODUCTS_DIR; };
		2F380088200672B90045B331 /* Smack.app */ = {isa = PBXFileReference; explicitFileType = wrapper.application; includeInIndex = 0; path = Smack.app; sourceTree = BUILT_PRODUCTS_DIR; };
		2F38008B200672B90045B331 /* AppDelegate.swift */ = {isa = PBXFileReference; lastKnownFileType = sourcecode.swift; path = AppDelegate.swift; sourceTree = "<group>"; };
		2F380090200672B90045B331 /* Base */ = {isa = PBXFileReference; lastKnownFileType = file.storyboard; name = Base; path = Base.lproj/Main.storyboard; sourceTree = "<group>"; };
		2F380092200672B90045B331 /* Assets.xcassets */ = {isa = PBXFileReference; lastKnownFileType = folder.assetcatalog; path = Assets.xcassets; sourceTree = "<group>"; };
		2F380095200672B90045B331 /* Base */ = {isa = PBXFileReference; lastKnownFileType = file.storyboard; name = Base; path = Base.lproj/LaunchScreen.storyboard; sourceTree = "<group>"; };
		2F380097200672B90045B331 /* Info.plist */ = {isa = PBXFileReference; lastKnownFileType = text.plist.xml; path = Info.plist; sourceTree = "<group>"; };
		2F6A8845200683A9002F2B70 /* Smack-Bridging-Header.h */ = {isa = PBXFileReference; lastKnownFileType = sourcecode.c.h; path = "Smack-Bridging-Header.h"; sourceTree = "<group>"; };
		2F6A8846200683AA002F2B70 /* SWRevealViewController.m */ = {isa = PBXFileReference; fileEncoding = 4; lastKnownFileType = sourcecode.c.objc; path = SWRevealViewController.m; sourceTree = "<group>"; };
		2F6A8847200683AA002F2B70 /* SWRevealViewController.h */ = {isa = PBXFileReference; fileEncoding = 4; lastKnownFileType = sourcecode.c.h; path = SWRevealViewController.h; sourceTree = "<group>"; };
		2F6A884C20068421002F2B70 /* ChatVC.swift */ = {isa = PBXFileReference; lastKnownFileType = sourcecode.swift; path = ChatVC.swift; sourceTree = "<group>"; };
		2F6A884E2006843E002F2B70 /* ChannelVC.swift */ = {isa = PBXFileReference; lastKnownFileType = sourcecode.swift; path = ChannelVC.swift; sourceTree = "<group>"; };
		2F6A885020079C08002F2B70 /* GradientView.swift */ = {isa = PBXFileReference; lastKnownFileType = sourcecode.swift; path = GradientView.swift; sourceTree = "<group>"; };
		2F6A88532007A819002F2B70 /* Constants.swift */ = {isa = PBXFileReference; lastKnownFileType = sourcecode.swift; path = Constants.swift; sourceTree = "<group>"; };
		2F6A88572007B4E8002F2B70 /* LoginVC.swift */ = {isa = PBXFileReference; lastKnownFileType = sourcecode.swift; path = LoginVC.swift; sourceTree = "<group>"; };
		9AF97EFE32E7834840564DAB /* Pods-Smack.release.xcconfig */ = {isa = PBXFileReference; includeInIndex = 1; lastKnownFileType = text.xcconfig; name = "Pods-Smack.release.xcconfig"; path = "Pods/Target Support Files/Pods-Smack/Pods-Smack.release.xcconfig"; sourceTree = "<group>"; };
		A2E969839A11AB0F68E0B36A /* Pods-Smack.debug.xcconfig */ = {isa = PBXFileReference; includeInIndex = 1; lastKnownFileType = text.xcconfig; name = "Pods-Smack.debug.xcconfig"; path = "Pods/Target Support Files/Pods-Smack/Pods-Smack.debug.xcconfig"; sourceTree = "<group>"; };
/* End PBXFileReference section */

/* Begin PBXFrameworksBuildPhase section */
		2F380085200672B90045B331 /* Frameworks */ = {
			isa = PBXFrameworksBuildPhase;
			buildActionMask = 2147483647;
			files = (
				BC59CF5F79A6937C73C65178 /* Pods_Smack.framework in Frameworks */,
			);
			runOnlyForDeploymentPostprocessing = 0;
		};
/* End PBXFrameworksBuildPhase section */

/* Begin PBXGroup section */
		24ABDD21A6832F715808ED96 /* Frameworks */ = {
			isa = PBXGroup;
			children = (
				1FAA220092C8C091AB87E012 /* Pods_Smack.framework */,
			);
			name = Frameworks;
			sourceTree = "<group>";
		};
		2F38007F200672B80045B331 = {
			isa = PBXGroup;
			children = (
				2F38008A200672B90045B331 /* Smack */,
				2F380089200672B90045B331 /* Products */,
				B2828ED74328DA1BD55BE119 /* Pods */,
				24ABDD21A6832F715808ED96 /* Frameworks */,
			);
			sourceTree = "<group>";
		};
		2F380089200672B90045B331 /* Products */ = {
			isa = PBXGroup;
			children = (
				2F380088200672B90045B331 /* Smack.app */,
			);
			name = Products;
			sourceTree = "<group>";
		};
		2F38008A200672B90045B331 /* Smack */ = {
			isa = PBXGroup;
			children = (
				2F6A88522007A803002F2B70 /* Utilities */,
				2F6A884B2006840F002F2B70 /* Model */,
				2F6A884A2006840A002F2B70 /* View */,
				2F6A884920068401002F2B70 /* Controller */,
				2F6A884420068390002F2B70 /* Supporting Files */,
				2F38008B200672B90045B331 /* AppDelegate.swift */,
				2F38008F200672B90045B331 /* Main.storyboard */,
				2F380092200672B90045B331 /* Assets.xcassets */,
				2F380094200672B90045B331 /* LaunchScreen.storyboard */,
				2F380097200672B90045B331 /* Info.plist */,
			);
			path = Smack;
			sourceTree = "<group>";
		};
		2F6A884420068390002F2B70 /* Supporting Files */ = {
			isa = PBXGroup;
			children = (
				2F6A8847200683AA002F2B70 /* SWRevealViewController.h */,
				2F6A8846200683AA002F2B70 /* SWRevealViewController.m */,
				2F6A8845200683A9002F2B70 /* Smack-Bridging-Header.h */,
			);
			path = "Supporting Files";
			sourceTree = "<group>";
		};
		2F6A884920068401002F2B70 /* Controller */ = {
			isa = PBXGroup;
			children = (
				2F6A884C20068421002F2B70 /* ChatVC.swift */,
				2F6A884E2006843E002F2B70 /* ChannelVC.swift */,
				2F6A88572007B4E8002F2B70 /* LoginVC.swift */,
			);
			path = Controller;
			sourceTree = "<group>";
		};
		2F6A884A2006840A002F2B70 /* View */ = {
			isa = PBXGroup;
			children = (
				2F6A885020079C08002F2B70 /* GradientView.swift */,
			);
			path = View;
			sourceTree = "<group>";
		};
		2F6A884B2006840F002F2B70 /* Model */ = {
			isa = PBXGroup;
			children = (
			);
			path = Model;
			sourceTree = "<group>";
		};
		2F6A88522007A803002F2B70 /* Utilities */ = {
			isa = PBXGroup;
			children = (
				2F6A88532007A819002F2B70 /* Constants.swift */,
			);
			path = Utilities;
			sourceTree = "<group>";
		};
		B2828ED74328DA1BD55BE119 /* Pods */ = {
			isa = PBXGroup;
			children = (
				A2E969839A11AB0F68E0B36A /* Pods-Smack.debug.xcconfig */,
				9AF97EFE32E7834840564DAB /* Pods-Smack.release.xcconfig */,
			);
			name = Pods;
			sourceTree = "<group>";
		};
/* End PBXGroup section */

/* Begin PBXNativeTarget section */
		2F380087200672B90045B331 /* Smack */ = {
			isa = PBXNativeTarget;
			buildConfigurationList = 2F38009A200672B90045B331 /* Build configuration list for PBXNativeTarget "Smack" */;
			buildPhases = (
				96C1C54A8D3A3788D1DCE8B9 /* [CP] Check Pods Manifest.lock */,
				2F380084200672B90045B331 /* Sources */,
				2F380085200672B90045B331 /* Frameworks */,
				2F380086200672B90045B331 /* Resources */,
				7F8506ABCF4D0A4822C508E2 /* [CP] Embed Pods Frameworks */,
				F5BAAF6486AC846BF1C27765 /* [CP] Copy Pods Resources */,
			);
			buildRules = (
			);
			dependencies = (
			);
			name = Smack;
			productName = Smack;
			productReference = 2F380088200672B90045B331 /* Smack.app */;
			productType = "com.apple.product-type.application";
		};
/* End PBXNativeTarget section */

/* Begin PBXProject section */
		2F380080200672B80045B331 /* Project object */ = {
			isa = PBXProject;
			attributes = {
				LastSwiftUpdateCheck = 0920;
				LastUpgradeCheck = 0920;
				ORGANIZATIONNAME = "Armin Spahic";
				TargetAttributes = {
					2F380087200672B90045B331 = {
						CreatedOnToolsVersion = 9.2;
						LastSwiftMigration = 0920;
						ProvisioningStyle = Automatic;
					};
				};
			};
			buildConfigurationList = 2F380083200672B80045B331 /* Build configuration list for PBXProject "Smack" */;
			compatibilityVersion = "Xcode 8.0";
			developmentRegion = en;
			hasScannedForEncodings = 0;
			knownRegions = (
				en,
				Base,
			);
			mainGroup = 2F38007F200672B80045B331;
			productRefGroup = 2F380089200672B90045B331 /* Products */;
			projectDirPath = "";
			projectRoot = "";
			targets = (
				2F380087200672B90045B331 /* Smack */,
			);
		};
/* End PBXProject section */

/* Begin PBXResourcesBuildPhase section */
		2F380086200672B90045B331 /* Resources */ = {
			isa = PBXResourcesBuildPhase;
			buildActionMask = 2147483647;
			files = (
				2F380096200672B90045B331 /* LaunchScreen.storyboard in Resources */,
				2F380093200672B90045B331 /* Assets.xcassets in Resources */,
				2F380091200672B90045B331 /* Main.storyboard in Resources */,
			);
			runOnlyForDeploymentPostprocessing = 0;
		};
/* End PBXResourcesBuildPhase section */

/* Begin PBXShellScriptBuildPhase section */
		7F8506ABCF4D0A4822C508E2 /* [CP] Embed Pods Frameworks */ = {
			isa = PBXShellScriptBuildPhase;
			buildActionMask = 2147483647;
			files = (
			);
			inputPaths = (
			);
			name = "[CP] Embed Pods Frameworks";
			outputPaths = (
			);
			runOnlyForDeploymentPostprocessing = 0;
			shellPath = /bin/sh;
			shellScript = "\"${SRCROOT}/Pods/Target Support Files/Pods-Smack/Pods-Smack-frameworks.sh\"\n";
			showEnvVarsInLog = 0;
		};
		96C1C54A8D3A3788D1DCE8B9 /* [CP] Check Pods Manifest.lock */ = {
			isa = PBXShellScriptBuildPhase;
			buildActionMask = 2147483647;
			files = (
			);
			inputPaths = (
			);
			name = "[CP] Check Pods Manifest.lock";
			outputPaths = (
			);
			runOnlyForDeploymentPostprocessing = 0;
			shellPath = /bin/sh;
			shellScript = "diff \"${PODS_ROOT}/../Podfile.lock\" \"${PODS_ROOT}/Manifest.lock\" > /dev/null\nif [ $? != 0 ] ; then\n    # print error to STDERR\n    echo \"error: The sandbox is not in sync with the Podfile.lock. Run 'pod install' or update your CocoaPods installation.\" >&2\n    exit 1\nfi\n";
			showEnvVarsInLog = 0;
		};
		F5BAAF6486AC846BF1C27765 /* [CP] Copy Pods Resources */ = {
			isa = PBXShellScriptBuildPhase;
			buildActionMask = 2147483647;
			files = (
			);
			inputPaths = (
			);
			name = "[CP] Copy Pods Resources";
			outputPaths = (
			);
			runOnlyForDeploymentPostprocessing = 0;
			shellPath = /bin/sh;
			shellScript = "\"${SRCROOT}/Pods/Target Support Files/Pods-Smack/Pods-Smack-resources.sh\"\n";
			showEnvVarsInLog = 0;
		};
/* End PBXShellScriptBuildPhase section */

/* Begin PBXSourcesBuildPhase section */
		2F380084200672B90045B331 /* Sources */ = {
			isa = PBXSourcesBuildPhase;
			buildActionMask = 2147483647;
			files = (
				2F6A884F2006843E002F2B70 /* ChannelVC.swift in Sources */,
				2F6A884D20068421002F2B70 /* ChatVC.swift in Sources */,
				2F6A88582007B4E8002F2B70 /* LoginVC.swift in Sources */,
				2F6A885120079C08002F2B70 /* GradientView.swift in Sources */,
				2F38008C200672B90045B331 /* AppDelegate.swift in Sources */,
				2F6A8848200683AA002F2B70 /* SWRevealViewController.m in Sources */,
				2F6A88542007A819002F2B70 /* Constants.swift in Sources */,
			);
			runOnlyForDeploymentPostprocessing = 0;
		};
/* End PBXSourcesBuildPhase section */

/* Begin PBXVariantGroup section */
		2F38008F200672B90045B331 /* Main.storyboard */ = {
			isa = PBXVariantGroup;
			children = (
				2F380090200672B90045B331 /* Base */,
			);
			name = Main.storyboard;
			sourceTree = "<group>";
		};
		2F380094200672B90045B331 /* LaunchScreen.storyboard */ = {
			isa = PBXVariantGroup;
			children = (
				2F380095200672B90045B331 /* Base */,
			);
			name = LaunchScreen.storyboard;
			sourceTree = "<group>";
		};
/* End PBXVariantGroup section */

/* Begin XCBuildConfiguration section */
		2F380098200672B90045B331 /* Debug */ = {
			isa = XCBuildConfiguration;
			buildSettings = {
				ALWAYS_SEARCH_USER_PATHS = NO;
				CLANG_ANALYZER_NONNULL = YES;
				CLANG_ANALYZER_NUMBER_OBJECT_CONVERSION = YES_AGGRESSIVE;
				CLANG_CXX_LANGUAGE_STANDARD = "gnu++14";
				CLANG_CXX_LIBRARY = "libc++";
				CLANG_ENABLE_MODULES = YES;
				CLANG_ENABLE_OBJC_ARC = YES;
				CLANG_WARN_BLOCK_CAPTURE_AUTORELEASING = YES;
				CLANG_WARN_BOOL_CONVERSION = YES;
				CLANG_WARN_COMMA = YES;
				CLANG_WARN_CONSTANT_CONVERSION = YES;
				CLANG_WARN_DIRECT_OBJC_ISA_USAGE = YES_ERROR;
				CLANG_WARN_DOCUMENTATION_COMMENTS = YES;
				CLANG_WARN_EMPTY_BODY = YES;
				CLANG_WARN_ENUM_CONVERSION = YES;
				CLANG_WARN_INFINITE_RECURSION = YES;
				CLANG_WARN_INT_CONVERSION = YES;
				CLANG_WARN_NON_LITERAL_NULL_CONVERSION = YES;
				CLANG_WARN_OBJC_LITERAL_CONVERSION = YES;
				CLANG_WARN_OBJC_ROOT_CLASS = YES_ERROR;
				CLANG_WARN_RANGE_LOOP_ANALYSIS = YES;
				CLANG_WARN_STRICT_PROTOTYPES = YES;
				CLANG_WARN_SUSPICIOUS_MOVE = YES;
				CLANG_WARN_UNGUARDED_AVAILABILITY = YES_AGGRESSIVE;
				CLANG_WARN_UNREACHABLE_CODE = YES;
				CLANG_WARN__DUPLICATE_METHOD_MATCH = YES;
				CODE_SIGN_IDENTITY = "iPhone Developer";
				COPY_PHASE_STRIP = NO;
				DEBUG_INFORMATION_FORMAT = dwarf;
				ENABLE_STRICT_OBJC_MSGSEND = YES;
				ENABLE_TESTABILITY = YES;
				GCC_C_LANGUAGE_STANDARD = gnu11;
				GCC_DYNAMIC_NO_PIC = NO;
				GCC_NO_COMMON_BLOCKS = YES;
				GCC_OPTIMIZATION_LEVEL = 0;
				GCC_PREPROCESSOR_DEFINITIONS = (
					"DEBUG=1",
					"$(inherited)",
				);
				GCC_WARN_64_TO_32_BIT_CONVERSION = YES;
				GCC_WARN_ABOUT_RETURN_TYPE = YES_ERROR;
				GCC_WARN_UNDECLARED_SELECTOR = YES;
				GCC_WARN_UNINITIALIZED_AUTOS = YES_AGGRESSIVE;
				GCC_WARN_UNUSED_FUNCTION = YES;
				GCC_WARN_UNUSED_VARIABLE = YES;
				IPHONEOS_DEPLOYMENT_TARGET = 11.2;
				MTL_ENABLE_DEBUG_INFO = YES;
				ONLY_ACTIVE_ARCH = YES;
				SDKROOT = iphoneos;
				SWIFT_ACTIVE_COMPILATION_CONDITIONS = DEBUG;
				SWIFT_OPTIMIZATION_LEVEL = "-Onone";
			};
			name = Debug;
		};
		2F380099200672B90045B331 /* Release */ = {
			isa = XCBuildConfiguration;
			buildSettings = {
				ALWAYS_SEARCH_USER_PATHS = NO;
				CLANG_ANALYZER_NONNULL = YES;
				CLANG_ANALYZER_NUMBER_OBJECT_CONVERSION = YES_AGGRESSIVE;
				CLANG_CXX_LANGUAGE_STANDARD = "gnu++14";
				CLANG_CXX_LIBRARY = "libc++";
				CLANG_ENABLE_MODULES = YES;
				CLANG_ENABLE_OBJC_ARC = YES;
				CLANG_WARN_BLOCK_CAPTURE_AUTORELEASING = YES;
				CLANG_WARN_BOOL_CONVERSION = YES;
				CLANG_WARN_COMMA = YES;
				CLANG_WARN_CONSTANT_CONVERSION = YES;
				CLANG_WARN_DIRECT_OBJC_ISA_USAGE = YES_ERROR;
				CLANG_WARN_DOCUMENTATION_COMMENTS = YES;
				CLANG_WARN_EMPTY_BODY = YES;
				CLANG_WARN_ENUM_CONVERSION = YES;
				CLANG_WARN_INFINITE_RECURSION = YES;
				CLANG_WARN_INT_CONVERSION = YES;
				CLANG_WARN_NON_LITERAL_NULL_CONVERSION = YES;
				CLANG_WARN_OBJC_LITERAL_CONVERSION = YES;
				CLANG_WARN_OBJC_ROOT_CLASS = YES_ERROR;
				CLANG_WARN_RANGE_LOOP_ANALYSIS = YES;
				CLANG_WARN_STRICT_PROTOTYPES = YES;
				CLANG_WARN_SUSPICIOUS_MOVE = YES;
				CLANG_WARN_UNGUARDED_AVAILABILITY = YES_AGGRESSIVE;
				CLANG_WARN_UNREACHABLE_CODE = YES;
				CLANG_WARN__DUPLICATE_METHOD_MATCH = YES;
				CODE_SIGN_IDENTITY = "iPhone Developer";
				COPY_PHASE_STRIP = NO;
				DEBUG_INFORMATION_FORMAT = "dwarf-with-dsym";
				ENABLE_NS_ASSERTIONS = NO;
				ENABLE_STRICT_OBJC_MSGSEND = YES;
				GCC_C_LANGUAGE_STANDARD = gnu11;
				GCC_NO_COMMON_BLOCKS = YES;
				GCC_WARN_64_TO_32_BIT_CONVERSION = YES;
				GCC_WARN_ABOUT_RETURN_TYPE = YES_ERROR;
				GCC_WARN_UNDECLARED_SELECTOR = YES;
				GCC_WARN_UNINITIALIZED_AUTOS = YES_AGGRESSIVE;
				GCC_WARN_UNUSED_FUNCTION = YES;
				GCC_WARN_UNUSED_VARIABLE = YES;
				IPHONEOS_DEPLOYMENT_TARGET = 11.2;
				MTL_ENABLE_DEBUG_INFO = NO;
				SDKROOT = iphoneos;
				SWIFT_OPTIMIZATION_LEVEL = "-Owholemodule";
				VALIDATE_PRODUCT = YES;
			};
			name = Release;
		};
		2F38009B200672B90045B331 /* Debug */ = {
			isa = XCBuildConfiguration;
			baseConfigurationReference = A2E969839A11AB0F68E0B36A /* Pods-Smack.debug.xcconfig */;
			buildSettings = {
				ASSETCATALOG_COMPILER_APPICON_NAME = AppIcon;
				CLANG_ENABLE_MODULES = YES;
				CODE_SIGN_STYLE = Automatic;
				INFOPLIST_FILE = Smack/Info.plist;
				LD_RUNPATH_SEARCH_PATHS = "$(inherited) @executable_path/Frameworks";
				PRODUCT_BUNDLE_IDENTIFIER = Spaha.Smack;
				PRODUCT_NAME = "$(TARGET_NAME)";
				SWIFT_OBJC_BRIDGING_HEADER = "Smack/Supporting Files/Smack-Bridging-Header.h";
				SWIFT_OPTIMIZATION_LEVEL = "-Onone";
				SWIFT_VERSION = 4.0;
				TARGETED_DEVICE_FAMILY = "1,2";
			};
			name = Debug;
		};
		2F38009C200672B90045B331 /* Release */ = {
			isa = XCBuildConfiguration;
			baseConfigurationReference = 9AF97EFE32E7834840564DAB /* Pods-Smack.release.xcconfig */;
			buildSettings = {
				ASSETCATALOG_COMPILER_APPICON_NAME = AppIcon;
				CLANG_ENABLE_MODULES = YES;
				CODE_SIGN_STYLE = Automatic;
				INFOPLIST_FILE = Smack/Info.plist;
				LD_RUNPATH_SEARCH_PATHS = "$(inherited) @executable_path/Frameworks";
				PRODUCT_BUNDLE_IDENTIFIER = Spaha.Smack;
				PRODUCT_NAME = "$(TARGET_NAME)";
				SWIFT_OBJC_BRIDGING_HEADER = "Smack/Supporting Files/Smack-Bridging-Header.h";
				SWIFT_VERSION = 4.0;
				TARGETED_DEVICE_FAMILY = "1,2";
			};
			name = Release;
		};
/* End XCBuildConfiguration section */

/* Begin XCConfigurationList section */
		2F380083200672B80045B331 /* Build configuration list for PBXProject "Smack" */ = {
			isa = XCConfigurationList;
			buildConfigurations = (
				2F380098200672B90045B331 /* Debug */,
				2F380099200672B90045B331 /* Release */,
			);
			defaultConfigurationIsVisible = 0;
			defaultConfigurationName = Release;
		};
		2F38009A200672B90045B331 /* Build configuration list for PBXNativeTarget "Smack" */ = {
			isa = XCConfigurationList;
			buildConfigurations = (
				2F38009B200672B90045B331 /* Debug */,
				2F38009C200672B90045B331 /* Release */,
			);
			defaultConfigurationIsVisible = 0;
			defaultConfigurationName = Release;
		};
/* End XCConfigurationList section */
	};
	rootObject = 2F380080200672B80045B331 /* Project object */;
}
